
Microsoft Visual Studio Solution File, Format Version 12.00
# Visual Studio Version 16
VisualStudioVersion = 16.0.30804.86
MinimumVisualStudioVersion = 10.0.40219.1
Project("{9A19103F-16F7-4668-BE54-9A1E7A4F7556}") = "ClassOdev", "ClassOdev\ClassOdev.csproj", "{1C834B58-58C0-4CB7-A934-9A6E347C10C1}"
EndProject
Project("{9A19103F-16F7-4668-BE54-9A1E7A4F7556}") = "Array", "Array\Array.csproj", "{5688057F-867E-46BE-98C8-B95FF6A0221B}"
EndProject
Project("{9A19103F-16F7-4668-BE54-9A1E7A4F7556}") = "Methods", "Methods\Methods.csproj", "{C5816A02-CBB3-4654-A378-4475308CFC90}"
EndProject
Project("{9A19103F-16F7-4668-BE54-9A1E7A4F7556}") = "DortIslem", "DortIslem\DortIslem.csproj", "{324819B4-F23D-4A1C-B0FE-70F8FD4E6832}"
EndProject
Project("{9A19103F-16F7-4668-BE54-9A1E7A4F7556}") = "ClassMetotDemo1", "ClassMetotDemo1\ClassMetotDemo1.csproj", "{6312B9BF-F832-4C59-B9DF-9867C1B542A9}"
EndProject
Project("{9A19103F-16F7-4668-BE54-9A1E7A4F7556}") = "OOP1", "OOP1\OOP1.csproj", "{462C97D2-1F81-43BA-B5F6-EC92FC6223B1}"
EndProject
Project("{9A19103F-16F7-4668-BE54-9A1E7A4F7556}") = "Koleksiyonlar", "Koleksiyonlar\Koleksiyonlar.csproj", "{18D08A5B-96B3-4298-B504-49C7A0C27380}"
EndProject
Project("{9A19103F-16F7-4668-BE54-9A1E7A4F7556}") = "GenericsIntro", "GenericsIntro\GenericsIntro.csproj", "{6A3742BE-6718-464A-9C67-68C750F3BBE6}"
EndProject
Project("{9A19103F-16F7-4668-BE54-9A1E7A4F7556}") = "ReferenceTypes", "ReferenceTypes\ReferenceTypes.csproj", "{6A60FDCC-21B9-4FBB-BAB7-F2954A77AC87}"
EndProject
Project("{9A19103F-16F7-4668-BE54-9A1E7A4F7556}") = "Constructors", "Constructors\Constructors.csproj", "{52B44C57-FE2E-4E57-9EF7-1B90618976B0}"
EndProject
Project("{FAE04EC0-301F-11D3-BF4B-00C04F79EFBC}") = "GenericYapilar1", "GenericYapilar1\GenericYapilar1.csproj", "{7514E431-C8B3-472D-835B-46ECD76F55AD}"
EndProject
Global
	GlobalSection(SolutionConfigurationPlatforms) = preSolution
		Debug|Any CPU = Debug|Any CPU
		Release|Any CPU = Release|Any CPU
	EndGlobalSection
	GlobalSection(ProjectConfigurationPlatforms) = postSolution
		{1C834B58-58C0-4CB7-A934-9A6E347C10C1}.Debug|Any CPU.ActiveCfg = Debug|Any CPU
		{1C834B58-58C0-4CB7-A934-9A6E347C10C1}.Debug|Any CPU.Build.0 = Debug|Any CPU
		{1C834B58-58C0-4CB7-A934-9A6E347C10C1}.Release|Any CPU.ActiveCfg = Release|Any CPU
		{1C834B58-58C0-4CB7-A934-9A6E347C10C1}.Release|Any CPU.Build.0 = Release|Any CPU
		{5688057F-867E-46BE-98C8-B95FF6A0221B}.Debug|Any CPU.ActiveCfg = Debug|Any CPU
		{5688057F-867E-46BE-98C8-B95FF6A0221B}.Debug|Any CPU.Build.0 = Debug|Any CPU
		{5688057F-867E-46BE-98C8-B95FF6A0221B}.Release|Any CPU.ActiveCfg = Release|Any CPU
		{5688057F-867E-46BE-98C8-B95FF6A0221B}.Release|Any CPU.Build.0 = Release|Any CPU
		{C5816A02-CBB3-4654-A378-4475308CFC90}.Debug|Any CPU.ActiveCfg = Debug|Any CPU
		{C5816A02-CBB3-4654-A378-4475308CFC90}.Debug|Any CPU.Build.0 = Debug|Any CPU
		{C5816A02-CBB3-4654-A378-4475308CFC90}.Release|Any CPU.ActiveCfg = Release|Any CPU
		{C5816A02-CBB3-4654-A378-4475308CFC90}.Release|Any CPU.Build.0 = Release|Any CPU
		{324819B4-F23D-4A1C-B0FE-70F8FD4E6832}.Debug|Any CPU.ActiveCfg = Debug|Any CPU
		{324819B4-F23D-4A1C-B0FE-70F8FD4E6832}.Debug|Any CPU.Build.0 = Debug|Any CPU
		{324819B4-F23D-4A1C-B0FE-70F8FD4E6832}.Release|Any CPU.ActiveCfg = Release|Any CPU
		{324819B4-F23D-4A1C-B0FE-70F8FD4E6832}.Release|Any CPU.Build.0 = Release|Any CPU
		{6312B9BF-F832-4C59-B9DF-9867C1B542A9}.Debug|Any CPU.ActiveCfg = Debug|Any CPU
		{6312B9BF-F832-4C59-B9DF-9867C1B542A9}.Debug|Any CPU.Build.0 = Debug|Any CPU
		{6312B9BF-F832-4C59-B9DF-9867C1B542A9}.Release|Any CPU.ActiveCfg = Release|Any CPU
		{6312B9BF-F832-4C59-B9DF-9867C1B542A9}.Release|Any CPU.Build.0 = Release|Any CPU
		{462C97D2-1F81-43BA-B5F6-EC92FC6223B1}.Debug|Any CPU.ActiveCfg = Debug|Any CPU
		{462C97D2-1F81-43BA-B5F6-EC92FC6223B1}.Debug|Any CPU.Build.0 = Debug|Any CPU
		{462C97D2-1F81-43BA-B5F6-EC92FC6223B1}.Release|Any CPU.ActiveCfg = Release|Any CPU
		{462C97D2-1F81-43BA-B5F6-EC92FC6223B1}.Release|Any CPU.Build.0 = Release|Any CPU
		{18D08A5B-96B3-4298-B504-49C7A0C27380}.Debug|Any CPU.ActiveCfg = Debug|Any CPU
		{18D08A5B-96B3-4298-B504-49C7A0C27380}.Debug|Any CPU.Build.0 = Debug|Any CPU
		{18D08A5B-96B3-4298-B504-49C7A0C27380}.Release|Any CPU.ActiveCfg = Release|Any CPU
		{18D08A5B-96B3-4298-B504-49C7A0C27380}.Release|Any CPU.Build.0 = Release|Any CPU
		{6A3742BE-6718-464A-9C67-68C750F3BBE6}.Debug|Any CPU.ActiveCfg = Debug|Any CPU
		{6A3742BE-6718-464A-9C67-68C750F3BBE6}.Debug|Any CPU.Build.0 = Debug|Any CPU
		{6A3742BE-6718-464A-9C67-68C750F3BBE6}.Release|Any CPU.ActiveCfg = Release|Any CPU
		{6A3742BE-6718-464A-9C67-68C750F3BBE6}.Release|Any CPU.Build.0 = Release|Any CPU
		{6A60FDCC-21B9-4FBB-BAB7-F2954A77AC87}.Debug|Any CPU.ActiveCfg = Debug|Any CPU
		{6A60FDCC-21B9-4FBB-BAB7-F2954A77AC87}.Debug|Any CPU.Build.0 = Debug|Any CPU
		{6A60FDCC-21B9-4FBB-BAB7-F2954A77AC87}.Release|Any CPU.ActiveCfg = Release|Any CPU
		{6A60FDCC-21B9-4FBB-BAB7-F2954A77AC87}.Release|Any CPU.Build.0 = Release|Any CPU
		{52B44C57-FE2E-4E57-9EF7-1B90618976B0}.Debug|Any CPU.ActiveCfg = Debug|Any CPU
		{52B44C57-FE2E-4E57-9EF7-1B90618976B0}.Debug|Any CPU.Build.0 = Debug|Any CPU
		{52B44C57-FE2E-4E57-9EF7-1B90618976B0}.Release|Any CPU.ActiveCfg = Release|Any CPU
		{52B44C57-FE2E-4E57-9EF7-1B90618976B0}.Release|Any CPU.Build.0 = Release|Any CPU
		{7514E431-C8B3-472D-835B-46ECD76F55AD}.Debug|Any CPU.ActiveCfg = Debug|Any CPU
		{7514E431-C8B3-472D-835B-46ECD76F55AD}.Debug|Any CPU.Build.0 = Debug|Any CPU
		{7514E431-C8B3-472D-835B-46ECD76F55AD}.Release|Any CPU.ActiveCfg = Release|Any CPU
		{7514E431-C8B3-472D-835B-46ECD76F55AD}.Release|Any CPU.Build.0 = Release|Any CPU
	EndGlobalSection
	GlobalSection(SolutionProperties) = preSolution
		HideSolutionNode = FALSE
	EndGlobalSection
	GlobalSection(ExtensibilityGlobals) = postSolution
		SolutionGuid = {D97742FE-C6FC-4DC2-94D5-9988956707CB}
	EndGlobalSection
EndGlobal
