
Microsoft Visual Studio Solution File, Format Version 12.00
# Visual Studio Version 16
VisualStudioVersion = 16.0.30804.86
MinimumVisualStudioVersion = 10.0.40219.1
Project("{FAE04EC0-301F-11D3-BF4B-00C04F79EFBC}") = "Kampintro", "Kampintro\Kampintro.csproj", "{5C898BE6-3159-4E61-9527-C7B2D18CF8D9}"
EndProject
Project("{FAE04EC0-301F-11D3-BF4B-00C04F79EFBC}") = "ClassOdev", "ClassOdev\ClassOdev.csproj", "{1C834B58-58C0-4CB7-A934-9A6E347C10C1}"
EndProject
Project("{FAE04EC0-301F-11D3-BF4B-00C04F79EFBC}") = "Array", "Array\Array.csproj", "{5688057F-867E-46BE-98C8-B95FF6A0221B}"
EndProject
Global
	GlobalSection(SolutionConfigurationPlatforms) = preSolution
		Debug|Any CPU = Debug|Any CPU
		Release|Any CPU = Release|Any CPU
	EndGlobalSection
	GlobalSection(ProjectConfigurationPlatforms) = postSolution
		{5C898BE6-3159-4E61-9527-C7B2D18CF8D9}.Debug|Any CPU.ActiveCfg = Debug|Any CPU
		{5C898BE6-3159-4E61-9527-C7B2D18CF8D9}.Debug|Any CPU.Build.0 = Debug|Any CPU
		{5C898BE6-3159-4E61-9527-C7B2D18CF8D9}.Release|Any CPU.ActiveCfg = Release|Any CPU
		{5C898BE6-3159-4E61-9527-C7B2D18CF8D9}.Release|Any CPU.Build.0 = Release|Any CPU
		{1C834B58-58C0-4CB7-A934-9A6E347C10C1}.Debug|Any CPU.ActiveCfg = Debug|Any CPU
		{1C834B58-58C0-4CB7-A934-9A6E347C10C1}.Debug|Any CPU.Build.0 = Debug|Any CPU
		{1C834B58-58C0-4CB7-A934-9A6E347C10C1}.Release|Any CPU.ActiveCfg = Release|Any CPU
		{1C834B58-58C0-4CB7-A934-9A6E347C10C1}.Release|Any CPU.Build.0 = Release|Any CPU
		{5688057F-867E-46BE-98C8-B95FF6A0221B}.Debug|Any CPU.ActiveCfg = Debug|Any CPU
		{5688057F-867E-46BE-98C8-B95FF6A0221B}.Debug|Any CPU.Build.0 = Debug|Any CPU
		{5688057F-867E-46BE-98C8-B95FF6A0221B}.Release|Any CPU.ActiveCfg = Release|Any CPU
		{5688057F-867E-46BE-98C8-B95FF6A0221B}.Release|Any CPU.Build.0 = Release|Any CPU
	EndGlobalSection
	GlobalSection(SolutionProperties) = preSolution
		HideSolutionNode = FALSE
	EndGlobalSection
	GlobalSection(ExtensibilityGlobals) = postSolution
		SolutionGuid = {D97742FE-C6FC-4DC2-94D5-9988956707CB}
	EndGlobalSection
EndGlobal
